
Microsoft Visual Studio Solution File, Format Version 12.00
# Visual Studio Version 17
VisualStudioVersion = 17.0.32112.339
MinimumVisualStudioVersion = 10.0.40219.1
Project("{FAE04EC0-301F-11D3-BF4B-00C04F79EFBC}") = "Calculator", "Calculator\Calculator.csproj", "{59040937-7004-4B17-B066-E5EF92AE846E}"
EndProject
Global
	GlobalSection(SolutionConfigurationPlatforms) = preSolution
		Debug|Any CPU = Debug|Any CPU
		Release|Any CPU = Release|Any CPU
	EndGlobalSection
	GlobalSection(ProjectConfigurationPlatforms) = postSolution
		{59040937-7004-4B17-B066-E5EF92AE846E}.Debug|Any CPU.ActiveCfg = Debug|Any CPU
		{59040937-7004-4B17-B066-E5EF92AE846E}.Debug|Any CPU.Build.0 = Debug|Any CPU
		{59040937-7004-4B17-B066-E5EF92AE846E}.Release|Any CPU.ActiveCfg = Release|Any CPU
		{59040937-7004-4B17-B066-E5EF92AE846E}.Release|Any CPU.Build.0 = Release|Any CPU
	EndGlobalSection
	GlobalSection(SolutionProperties) = preSolution
		HideSolutionNode = FALSE
	EndGlobalSection
	GlobalSection(ExtensibilityGlobals) = postSolution
		SolutionGuid = {FE968480-7A49-42B2-BD19-EFC9ECD7C36E}
	EndGlobalSection
EndGlobal
